// !$*UTF8*$!
{
	archiveVersion = 1;
	classes = {
	};
	objectVersion = 46;
	objects = {

/* Begin PBXBuildFile section */
		9290EF8319954AD300ECA802 /* Foundation.framework in Frameworks */ = {isa = PBXBuildFile; fileRef = 9290EF8219954AD300ECA802 /* Foundation.framework */; };
		9290EF8519954AD400ECA802 /* CoreGraphics.framework in Frameworks */ = {isa = PBXBuildFile; fileRef = 9290EF8419954AD400ECA802 /* CoreGraphics.framework */; };
		9290EF8719954AD400ECA802 /* UIKit.framework in Frameworks */ = {isa = PBXBuildFile; fileRef = 9290EF8619954AD400ECA802 /* UIKit.framework */; };
		9290EF8D19954AD400ECA802 /* InfoPlist.strings in Resources */ = {isa = PBXBuildFile; fileRef = 9290EF8B19954AD400ECA802 /* InfoPlist.strings */; };
		9290EF8F19954AD400ECA802 /* main.m in Sources */ = {isa = PBXBuildFile; fileRef = 9290EF8E19954AD400ECA802 /* main.m */; };
		9290EF9319954AD400ECA802 /* AppDelegate.m in Sources */ = {isa = PBXBuildFile; fileRef = 9290EF9219954AD400ECA802 /* AppDelegate.m */; };
		9290EF9619954AD400ECA802 /* Main.storyboard in Resources */ = {isa = PBXBuildFile; fileRef = 9290EF9419954AD400ECA802 /* Main.storyboard */; };
		9290EF9919954AD400ECA802 /* ViewController.m in Sources */ = {isa = PBXBuildFile; fileRef = 9290EF9819954AD400ECA802 /* ViewController.m */; };
		9290EF9B19954AD400ECA802 /* Images.xcassets in Resources */ = {isa = PBXBuildFile; fileRef = 9290EF9A19954AD400ECA802 /* Images.xcassets */; };
		9290EFA219954AD400ECA802 /* XCTest.framework in Frameworks */ = {isa = PBXBuildFile; fileRef = 9290EFA119954AD400ECA802 /* XCTest.framework */; };
		9290EFA319954AD400ECA802 /* Foundation.framework in Frameworks */ = {isa = PBXBuildFile; fileRef = 9290EF8219954AD300ECA802 /* Foundation.framework */; };
		9290EFA419954AD400ECA802 /* UIKit.framework in Frameworks */ = {isa = PBXBuildFile; fileRef = 9290EF8619954AD400ECA802 /* UIKit.framework */; };
		9290EFAC19954AD400ECA802 /* InfoPlist.strings in Resources */ = {isa = PBXBuildFile; fileRef = 9290EFAA19954AD400ECA802 /* InfoPlist.strings */; };
		9290EFAE19954AD400ECA802 /* RSqaureTests.m in Sources */ = {isa = PBXBuildFile; fileRef = 9290EFAD19954AD400ECA802 /* RSqaureTests.m */; };
/* End PBXBuildFile section */

/* Begin PBXContainerItemProxy section */
		9290EFA519954AD400ECA802 /* PBXContainerItemProxy */ = {
			isa = PBXContainerItemProxy;
			containerPortal = 9290EF7719954AD300ECA802 /* Project object */;
			proxyType = 1;
			remoteGlobalIDString = 9290EF7E19954AD300ECA802;
			remoteInfo = RSqaure;
		};
/* End PBXContainerItemProxy section */

/* Begin PBXFileReference section */
		9290EF7F19954AD300ECA802 /* RSqaure.app */ = {isa = PBXFileReference; explicitFileType = wrapper.application; includeInIndex = 0; path = RSqaure.app; sourceTree = BUILT_PRODUCTS_DIR; };
		9290EF8219954AD300ECA802 /* Foundation.framework */ = {isa = PBXFileReference; lastKnownFileType = wrapper.framework; name = Foundation.framework; path = System/Library/Frameworks/Foundation.framework; sourceTree = SDKROOT; };
		9290EF8419954AD400ECA802 /* CoreGraphics.framework */ = {isa = PBXFileReference; lastKnownFileType = wrapper.framework; name = CoreGraphics.framework; path = System/Library/Frameworks/CoreGraphics.framework; sourceTree = SDKROOT; };
		9290EF8619954AD400ECA802 /* UIKit.framework */ = {isa = PBXFileReference; lastKnownFileType = wrapper.framework; name = UIKit.framework; path = System/Library/Frameworks/UIKit.framework; sourceTree = SDKROOT; };
		9290EF8A19954AD400ECA802 /* RSqaure-Info.plist */ = {isa = PBXFileReference; lastKnownFileType = text.plist.xml; path = "RSqaure-Info.plist"; sourceTree = "<group>"; };
		9290EF8C19954AD400ECA802 /* en */ = {isa = PBXFileReference; lastKnownFileType = text.plist.strings; name = en; path = en.lproj/InfoPlist.strings; sourceTree = "<group>"; };
		9290EF8E19954AD400ECA802 /* main.m */ = {isa = PBXFileReference; lastKnownFileType = sourcecode.c.objc; path = main.m; sourceTree = "<group>"; };
		9290EF9019954AD400ECA802 /* RSqaure-Prefix.pch */ = {isa = PBXFileReference; lastKnownFileType = sourcecode.c.h; path = "RSqaure-Prefix.pch"; sourceTree = "<group>"; };
		9290EF9119954AD400ECA802 /* AppDelegate.h */ = {isa = PBXFileReference; lastKnownFileType = sourcecode.c.h; path = AppDelegate.h; sourceTree = "<group>"; };
		9290EF9219954AD400ECA802 /* AppDelegate.m */ = {isa = PBXFileReference; lastKnownFileType = sourcecode.c.objc; path = AppDelegate.m; sourceTree = "<group>"; };
		9290EF9519954AD400ECA802 /* Base */ = {isa = PBXFileReference; lastKnownFileType = file.storyboard; name = Base; path = Base.lproj/Main.storyboard; sourceTree = "<group>"; };
		9290EF9719954AD400ECA802 /* ViewController.h */ = {isa = PBXFileReference; lastKnownFileType = sourcecode.c.h; path = ViewController.h; sourceTree = "<group>"; };
		9290EF9819954AD400ECA802 /* ViewController.m */ = {isa = PBXFileReference; lastKnownFileType = sourcecode.c.objc; path = ViewController.m; sourceTree = "<group>"; };
		9290EF9A19954AD400ECA802 /* Images.xcassets */ = {isa = PBXFileReference; lastKnownFileType = folder.assetcatalog; path = Images.xcassets; sourceTree = "<group>"; };
		9290EFA019954AD400ECA802 /* RSqaureTests.xctest */ = {isa = PBXFileReference; explicitFileType = wrapper.cfbundle; includeInIndex = 0; path = RSqaureTests.xctest; sourceTree = BUILT_PRODUCTS_DIR; };
		9290EFA119954AD400ECA802 /* XCTest.framework */ = {isa = PBXFileReference; lastKnownFileType = wrapper.framework; name = XCTest.framework; path = Library/Frameworks/XCTest.framework; sourceTree = DEVELOPER_DIR; };
		9290EFA919954AD400ECA802 /* RSqaureTests-Info.plist */ = {isa = PBXFileReference; lastKnownFileType = text.plist.xml; path = "RSqaureTests-Info.plist"; sourceTree = "<group>"; };
		9290EFAB19954AD400ECA802 /* en */ = {isa = PBXFileReference; lastKnownFileType = text.plist.strings; name = en; path = en.lproj/InfoPlist.strings; sourceTree = "<group>"; };
		9290EFAD19954AD400ECA802 /* RSqaureTests.m */ = {isa = PBXFileReference; lastKnownFileType = sourcecode.c.objc; path = RSqaureTests.m; sourceTree = "<group>"; };
/* End PBXFileReference section */

/* Begin PBXFrameworksBuildPhase section */
		9290EF7C19954AD300ECA802 /* Frameworks */ = {
			isa = PBXFrameworksBuildPhase;
			buildActionMask = 2147483647;
			files = (
				9290EF8519954AD400ECA802 /* CoreGraphics.framework in Frameworks */,
				9290EF8719954AD400ECA802 /* UIKit.framework in Frameworks */,
				9290EF8319954AD300ECA802 /* Foundation.framework in Frameworks */,
			);
			runOnlyForDeploymentPostprocessing = 0;
		};
		9290EF9D19954AD400ECA802 /* Frameworks */ = {
			isa = PBXFrameworksBuildPhase;
			buildActionMask = 2147483647;
			files = (
				9290EFA219954AD400ECA802 /* XCTest.framework in Frameworks */,
				9290EFA419954AD400ECA802 /* UIKit.framework in Frameworks */,
				9290EFA319954AD400ECA802 /* Foundation.framework in Frameworks */,
			);
			runOnlyForDeploymentPostprocessing = 0;
		};
/* End PBXFrameworksBuildPhase section */

/* Begin PBXGroup section */
		9290EF7619954AD300ECA802 = {
			isa = PBXGroup;
			children = (
				9290EF8819954AD400ECA802 /* RSqaure */,
				9290EFA719954AD400ECA802 /* RSqaureTests */,
				9290EF8119954AD300ECA802 /* Frameworks */,
				9290EF8019954AD300ECA802 /* Products */,
			);
			sourceTree = "<group>";
		};
		9290EF8019954AD300ECA802 /* Products */ = {
			isa = PBXGroup;
			children = (
				9290EF7F19954AD300ECA802 /* RSqaure.app */,
				9290EFA019954AD400ECA802 /* RSqaureTests.xctest */,
			);
			name = Products;
			sourceTree = "<group>";
		};
		9290EF8119954AD300ECA802 /* Frameworks */ = {
			isa = PBXGroup;
			children = (
				9290EF8219954AD300ECA802 /* Foundation.framework */,
				9290EF8419954AD400ECA802 /* CoreGraphics.framework */,
				9290EF8619954AD400ECA802 /* UIKit.framework */,
				9290EFA119954AD400ECA802 /* XCTest.framework */,
			);
			name = Frameworks;
			sourceTree = "<group>";
		};
		9290EF8819954AD400ECA802 /* RSqaure */ = {
			isa = PBXGroup;
			children = (
				9290EF9119954AD400ECA802 /* AppDelegate.h */,
				9290EF9219954AD400ECA802 /* AppDelegate.m */,
				9290EF9419954AD400ECA802 /* Main.storyboard */,
				9290EF9719954AD400ECA802 /* ViewController.h */,
				9290EF9819954AD400ECA802 /* ViewController.m */,
				9290EF9A19954AD400ECA802 /* Images.xcassets */,
				9290EF8919954AD400ECA802 /* Supporting Files */,
			);
			path = RSqaure;
			sourceTree = "<group>";
		};
		9290EF8919954AD400ECA802 /* Supporting Files */ = {
			isa = PBXGroup;
			children = (
				9290EF8A19954AD400ECA802 /* RSqaure-Info.plist */,
				9290EF8B19954AD400ECA802 /* InfoPlist.strings */,
				9290EF8E19954AD400ECA802 /* main.m */,
				9290EF9019954AD400ECA802 /* RSqaure-Prefix.pch */,
			);
			name = "Supporting Files";
			sourceTree = "<group>";
		};
		9290EFA719954AD400ECA802 /* RSqaureTests */ = {
			isa = PBXGroup;
			children = (
				9290EFAD19954AD400ECA802 /* RSqaureTests.m */,
				9290EFA819954AD400ECA802 /* Supporting Files */,
			);
			path = RSqaureTests;
			sourceTree = "<group>";
		};
		9290EFA819954AD400ECA802 /* Supporting Files */ = {
			isa = PBXGroup;
			children = (
				9290EFA919954AD400ECA802 /* RSqaureTests-Info.plist */,
				9290EFAA19954AD400ECA802 /* InfoPlist.strings */,
			);
			name = "Supporting Files";
			sourceTree = "<group>";
		};
/* End PBXGroup section */

/* Begin PBXNativeTarget section */
		9290EF7E19954AD300ECA802 /* RSqaure */ = {
			isa = PBXNativeTarget;
			buildConfigurationList = 9290EFB119954AD400ECA802 /* Build configuration list for PBXNativeTarget "RSqaure" */;
			buildPhases = (
				9290EF7B19954AD300ECA802 /* Sources */,
				9290EF7C19954AD300ECA802 /* Frameworks */,
				9290EF7D19954AD300ECA802 /* Resources */,
			);
			buildRules = (
			);
			dependencies = (
			);
			name = RSqaure;
			productName = RSqaure;
			productReference = 9290EF7F19954AD300ECA802 /* RSqaure.app */;
			productType = "com.apple.product-type.application";
		};
		9290EF9F19954AD400ECA802 /* RSqaureTests */ = {
			isa = PBXNativeTarget;
			buildConfigurationList = 9290EFB419954AD400ECA802 /* Build configuration list for PBXNativeTarget "RSqaureTests" */;
			buildPhases = (
				9290EF9C19954AD400ECA802 /* Sources */,
				9290EF9D19954AD400ECA802 /* Frameworks */,
				9290EF9E19954AD400ECA802 /* Resources */,
			);
			buildRules = (
			);
			dependencies = (
				9290EFA619954AD400ECA802 /* PBXTargetDependency */,
			);
			name = RSqaureTests;
			productName = RSqaureTests;
			productReference = 9290EFA019954AD400ECA802 /* RSqaureTests.xctest */;
			productType = "com.apple.product-type.bundle.unit-test";
		};
/* End PBXNativeTarget section */

/* Begin PBXProject section */
		9290EF7719954AD300ECA802 /* Project object */ = {
			isa = PBXProject;
			attributes = {
				LastUpgradeCheck = 0510;
				ORGANIZATIONNAME = "Cuberootbeta Inc.";
				TargetAttributes = {
					9290EF9F19954AD400ECA802 = {
						TestTargetID = 9290EF7E19954AD300ECA802;
					};
				};
			};
			buildConfigurationList = 9290EF7A19954AD300ECA802 /* Build configuration list for PBXProject "RSqaure" */;
			compatibilityVersion = "Xcode 3.2";
			developmentRegion = English;
			hasScannedForEncodings = 0;
			knownRegions = (
				en,
				Base,
			);
			mainGroup = 9290EF7619954AD300ECA802;
			productRefGroup = 9290EF8019954AD300ECA802 /* Products */;
			projectDirPath = "";
			projectRoot = "";
			targets = (
				9290EF7E19954AD300ECA802 /* RSqaure */,
				9290EF9F19954AD400ECA802 /* RSqaureTests */,
			);
		};
/* End PBXProject section */

/* Begin PBXResourcesBuildPhase section */
		9290EF7D19954AD300ECA802 /* Resources */ = {
			isa = PBXResourcesBuildPhase;
			buildActionMask = 2147483647;
			files = (
				9290EF9B19954AD400ECA802 /* Images.xcassets in Resources */,
				9290EF8D19954AD400ECA802 /* InfoPlist.strings in Resources */,
				9290EF9619954AD400ECA802 /* Main.storyboard in Resources */,
			);
			runOnlyForDeploymentPostprocessing = 0;
		};
		9290EF9E19954AD400ECA802 /* Resources */ = {
			isa = PBXResourcesBuildPhase;
			buildActionMask = 2147483647;
			files = (
				9290EFAC19954AD400ECA802 /* InfoPlist.strings in Resources */,
			);
			runOnlyForDeploymentPostprocessing = 0;
		};
/* End PBXResourcesBuildPhase section */

/* Begin PBXSourcesBuildPhase section */
		9290EF7B19954AD300ECA802 /* Sources */ = {
			isa = PBXSourcesBuildPhase;
			buildActionMask = 2147483647;
			files = (
				9290EF9919954AD400ECA802 /* ViewController.m in Sources */,
				9290EF9319954AD400ECA802 /* AppDelegate.m in Sources */,
				9290EF8F19954AD400ECA802 /* main.m in Sources */,
			);
			runOnlyForDeploymentPostprocessing = 0;
		};
		9290EF9C19954AD400ECA802 /* Sources */ = {
			isa = PBXSourcesBuildPhase;
			buildActionMask = 2147483647;
			files = (
				9290EFAE19954AD400ECA802 /* RSqaureTests.m in Sources */,
			);
			runOnlyForDeploymentPostprocessing = 0;
		};
/* End PBXSourcesBuildPhase section */

/* Begin PBXTargetDependency section */
		9290EFA619954AD400ECA802 /* PBXTargetDependency */ = {
			isa = PBXTargetDependency;
			target = 9290EF7E19954AD300ECA802 /* RSqaure */;
			targetProxy = 9290EFA519954AD400ECA802 /* PBXContainerItemProxy */;
		};
/* End PBXTargetDependency section */

/* Begin PBXVariantGroup section */
		9290EF8B19954AD400ECA802 /* InfoPlist.strings */ = {
			isa = PBXVariantGroup;
			children = (
				9290EF8C19954AD400ECA802 /* en */,
			);
			name = InfoPlist.strings;
			sourceTree = "<group>";
		};
		9290EF9419954AD400ECA802 /* Main.storyboard */ = {
			isa = PBXVariantGroup;
			children = (
				9290EF9519954AD400ECA802 /* Base */,
			);
			name = Main.storyboard;
			sourceTree = "<group>";
		};
		9290EFAA19954AD400ECA802 /* InfoPlist.strings */ = {
			isa = PBXVariantGroup;
			children = (
				9290EFAB19954AD400ECA802 /* en */,
			);
			name = InfoPlist.strings;
			sourceTree = "<group>";
		};
/* End PBXVariantGroup section */

/* Begin XCBuildConfiguration section */
		9290EFAF19954AD400ECA802 /* Debug */ = {
			isa = XCBuildConfiguration;
			buildSettings = {
				ALWAYS_SEARCH_USER_PATHS = NO;
				CLANG_CXX_LANGUAGE_STANDARD = "gnu++0x";
				CLANG_CXX_LIBRARY = "libc++";
				CLANG_ENABLE_MODULES = YES;
				CLANG_ENABLE_OBJC_ARC = YES;
				CLANG_WARN_BOOL_CONVERSION = YES;
				CLANG_WARN_CONSTANT_CONVERSION = YES;
				CLANG_WARN_DIRECT_OBJC_ISA_USAGE = YES_ERROR;
				CLANG_WARN_EMPTY_BODY = YES;
				CLANG_WARN_ENUM_CONVERSION = YES;
				CLANG_WARN_INT_CONVERSION = YES;
				CLANG_WARN_OBJC_ROOT_CLASS = YES_ERROR;
				CLANG_WARN__DUPLICATE_METHOD_MATCH = YES;
				"CODE_SIGN_IDENTITY[sdk=iphoneos*]" = "iPhone Developer";
				COPY_PHASE_STRIP = NO;
				GCC_C_LANGUAGE_STANDARD = gnu99;
				GCC_DYNAMIC_NO_PIC = NO;
				GCC_OPTIMIZATION_LEVEL = 0;
				GCC_PREPROCESSOR_DEFINITIONS = (
					"DEBUG=1",
					"$(inherited)",
				);
				GCC_SYMBOLS_PRIVATE_EXTERN = NO;
				GCC_WARN_64_TO_32_BIT_CONVERSION = YES;
				GCC_WARN_ABOUT_RETURN_TYPE = YES_ERROR;
				GCC_WARN_UNDECLARED_SELECTOR = YES;
				GCC_WARN_UNINITIALIZED_AUTOS = YES_AGGRESSIVE;
				GCC_WARN_UNUSED_FUNCTION = YES;
				GCC_WARN_UNUSED_VARIABLE = YES;
				IPHONEOS_DEPLOYMENT_TARGET = 7.1;
				ONLY_ACTIVE_ARCH = YES;
				SDKROOT = iphoneos;
			};
			name = Debug;
		};
		9290EFB019954AD400ECA802 /* Release */ = {
			isa = XCBuildConfiguration;
			buildSettings = {
				ALWAYS_SEARCH_USER_PATHS = NO;
				CLANG_CXX_LANGUAGE_STANDARD = "gnu++0x";
				CLANG_CXX_LIBRARY = "libc++";
				CLANG_ENABLE_MODULES = YES;
				CLANG_ENABLE_OBJC_ARC = YES;
				CLANG_WARN_BOOL_CONVERSION = YES;
				CLANG_WARN_CONSTANT_CONVERSION = YES;
				CLANG_WARN_DIRECT_OBJC_ISA_USAGE = YES_ERROR;
				CLANG_WARN_EMPTY_BODY = YES;
				CLANG_WARN_ENUM_CONVERSION = YES;
				CLANG_WARN_INT_CONVERSION = YES;
				CLANG_WARN_OBJC_ROOT_CLASS = YES_ERROR;
				CLANG_WARN__DUPLICATE_METHOD_MATCH = YES;
				"CODE_SIGN_IDENTITY[sdk=iphoneos*]" = "iPhone Developer";
				COPY_PHASE_STRIP = YES;
				ENABLE_NS_ASSERTIONS = NO;
				GCC_C_LANGUAGE_STANDARD = gnu99;
				GCC_WARN_64_TO_32_BIT_CONVERSION = YES;
				GCC_WARN_ABOUT_RETURN_TYPE = YES_ERROR;
				GCC_WARN_UNDECLARED_SELECTOR = YES;
				GCC_WARN_UNINITIALIZED_AUTOS = YES_AGGRESSIVE;
				GCC_WARN_UNUSED_FUNCTION = YES;
				GCC_WARN_UNUSED_VARIABLE = YES;
				IPHONEOS_DEPLOYMENT_TARGET = 7.1;
				SDKROOT = iphoneos;
				VALIDATE_PRODUCT = YES;
			};
			name = Release;
		};
		9290EFB219954AD400ECA802 /* Debug */ = {
			isa = XCBuildConfiguration;
			buildSettings = {
				ASSETCATALOG_COMPILER_APPICON_NAME = AppIcon;
				ASSETCATALOG_COMPILER_LAUNCHIMAGE_NAME = LaunchImage;
				GCC_PRECOMPILE_PREFIX_HEADER = YES;
				GCC_PREFIX_HEADER = "RSqaure/RSqaure-Prefix.pch";
				INFOPLIST_FILE = "RSqaure/RSqaure-Info.plist";
				PRODUCT_NAME = "$(TARGET_NAME)";
				WRAPPER_EXTENSION = app;
			};
			name = Debug;
		};
		9290EFB319954AD400ECA802 /* Release */ = {
			isa = XCBuildConfiguration;
			buildSettings = {
				ASSETCATALOG_COMPILER_APPICON_NAME = AppIcon;
				ASSETCATALOG_COMPILER_LAUNCHIMAGE_NAME = LaunchImage;
				GCC_PRECOMPILE_PREFIX_HEADER = YES;
				GCC_PREFIX_HEADER = "RSqaure/RSqaure-Prefix.pch";
				INFOPLIST_FILE = "RSqaure/RSqaure-Info.plist";
				PRODUCT_NAME = "$(TARGET_NAME)";
				WRAPPER_EXTENSION = app;
			};
			name = Release;
		};
		9290EFB519954AD400ECA802 /* Debug */ = {
			isa = XCBuildConfiguration;
			buildSettings = {
				BUNDLE_LOADER = "$(BUILT_PRODUCTS_DIR)/RSqaure.app/RSqaure";
				FRAMEWORK_SEARCH_PATHS = (
					"$(SDKROOT)/Developer/Library/Frameworks",
					"$(inherited)",
					"$(DEVELOPER_FRAMEWORKS_DIR)",
				);
				GCC_PRECOMPILE_PREFIX_HEADER = YES;
				GCC_PREFIX_HEADER = "RSqaure/RSqaure-Prefix.pch";
				GCC_PREPROCESSOR_DEFINITIONS = (
					"DEBUG=1",
					"$(inherited)",
				);
				INFOPLIST_FILE = "RSqaureTests/RSqaureTests-Info.plist";
				PRODUCT_NAME = "$(TARGET_NAME)";
				TEST_HOST = "$(BUNDLE_LOADER)";
				WRAPPER_EXTENSION = xctest;
			};
			name = Debug;
		};
		9290EFB619954AD400ECA802 /* Release */ = {
			isa = XCBuildConfiguration;
			buildSettings = {
				BUNDLE_LOADER = "$(BUILT_PRODUCTS_DIR)/RSqaure.app/RSqaure";
				FRAMEWORK_SEARCH_PATHS = (
					"$(SDKROOT)/Developer/Library/Frameworks",
					"$(inherited)",
					"$(DEVELOPER_FRAMEWORKS_DIR)",
				);
				GCC_PRECOMPILE_PREFIX_HEADER = YES;
				GCC_PREFIX_HEADER = "RSqaure/RSqaure-Prefix.pch";
				INFOPLIST_FILE = "RSqaureTests/RSqaureTests-Info.plist";
				PRODUCT_NAME = "$(TARGET_NAME)";
				TEST_HOST = "$(BUNDLE_LOADER)";
				WRAPPER_EXTENSION = xctest;
			};
			name = Release;
		};
/* End XCBuildConfiguration section */

/* Begin XCConfigurationList section */
		9290EF7A19954AD300ECA802 /* Build configuration list for PBXProject "RSqaure" */ = {
			isa = XCConfigurationList;
			buildConfigurations = (
				9290EFAF19954AD400ECA802 /* Debug */,
				9290EFB019954AD400ECA802 /* Release */,
			);
			defaultConfigurationIsVisible = 0;
			defaultConfigurationName = Release;
		};
		9290EFB119954AD400ECA802 /* Build configuration list for PBXNativeTarget "RSqaure" */ = {
			isa = XCConfigurationList;
			buildConfigurations = (
				9290EFB219954AD400ECA802 /* Debug */,
				9290EFB319954AD400ECA802 /* Release */,
			);
			defaultConfigurationIsVisible = 0;
		};
		9290EFB419954AD400ECA802 /* Build configuration list for PBXNativeTarget "RSqaureTests" */ = {
			isa = XCConfigurationList;
			buildConfigurations = (
				9290EFB519954AD400ECA802 /* Debug */,
				9290EFB619954AD400ECA802 /* Release */,
			);
			defaultConfigurationIsVisible = 0;
		};
/* End XCConfigurationList section */
	};
	rootObject = 9290EF7719954AD300ECA802 /* Project object */;
}
